
Microsoft Visual Studio Solution File, Format Version 12.00
# Visual Studio Version 17
VisualStudioVersion = 17.8.34309.116
MinimumVisualStudioVersion = 10.0.40219.1
Project("{FAE04EC0-301F-11D3-BF4B-00C04F79EFBC}") = "WinFormTestApp", "WinFormTestApp\WinFormTestApp.csproj", "{EE80D41B-2128-47E3-860C-244BD2EB42B2}"
EndProject
Project("{FAE04EC0-301F-11D3-BF4B-00C04F79EFBC}") = "BusinessLayer", "BusinessLayer\BusinessLayer.csproj", "{4A96B772-13B0-499D-AE8F-51F7E327269C}"
EndProject
Project("{FAE04EC0-301F-11D3-BF4B-00C04F79EFBC}") = "Models", "Models\Models.csproj", "{9273FD69-DFC1-4930-B50C-2D9E4A1B5906}"
EndProject
Project("{FAE04EC0-301F-11D3-BF4B-00C04F79EFBC}") = "BusinessLayer.Tests", "BusinessLayer.Tests\BusinessLayer.Tests.csproj", "{F3AA62AC-E054-4C9B-8C3A-2A5B95C5855B}"
EndProject
Project("{FAE04EC0-301F-11D3-BF4B-00C04F79EFBC}") = "DataLayer", "DataLayer\DataLayer.csproj", "{BB7C7FD1-AB56-4E31-B623-2438E487A9FE}"
EndProject
Global
	GlobalSection(SolutionConfigurationPlatforms) = preSolution
		Debug|Any CPU = Debug|Any CPU
		Release|Any CPU = Release|Any CPU
	EndGlobalSection
	GlobalSection(ProjectConfigurationPlatforms) = postSolution
		{EE80D41B-2128-47E3-860C-244BD2EB42B2}.Debug|Any CPU.ActiveCfg = Debug|Any CPU
		{EE80D41B-2128-47E3-860C-244BD2EB42B2}.Debug|Any CPU.Build.0 = Debug|Any CPU
		{EE80D41B-2128-47E3-860C-244BD2EB42B2}.Release|Any CPU.ActiveCfg = Release|Any CPU
		{EE80D41B-2128-47E3-860C-244BD2EB42B2}.Release|Any CPU.Build.0 = Release|Any CPU
		{4A96B772-13B0-499D-AE8F-51F7E327269C}.Debug|Any CPU.ActiveCfg = Debug|Any CPU
		{4A96B772-13B0-499D-AE8F-51F7E327269C}.Debug|Any CPU.Build.0 = Debug|Any CPU
		{4A96B772-13B0-499D-AE8F-51F7E327269C}.Release|Any CPU.ActiveCfg = Release|Any CPU
		{4A96B772-13B0-499D-AE8F-51F7E327269C}.Release|Any CPU.Build.0 = Release|Any CPU
		{9273FD69-DFC1-4930-B50C-2D9E4A1B5906}.Debug|Any CPU.ActiveCfg = Debug|Any CPU
		{9273FD69-DFC1-4930-B50C-2D9E4A1B5906}.Debug|Any CPU.Build.0 = Debug|Any CPU
		{9273FD69-DFC1-4930-B50C-2D9E4A1B5906}.Release|Any CPU.ActiveCfg = Release|Any CPU
		{9273FD69-DFC1-4930-B50C-2D9E4A1B5906}.Release|Any CPU.Build.0 = Release|Any CPU
		{F3AA62AC-E054-4C9B-8C3A-2A5B95C5855B}.Debug|Any CPU.ActiveCfg = Debug|Any CPU
		{F3AA62AC-E054-4C9B-8C3A-2A5B95C5855B}.Debug|Any CPU.Build.0 = Debug|Any CPU
		{F3AA62AC-E054-4C9B-8C3A-2A5B95C5855B}.Release|Any CPU.ActiveCfg = Release|Any CPU
		{F3AA62AC-E054-4C9B-8C3A-2A5B95C5855B}.Release|Any CPU.Build.0 = Release|Any CPU
		{BB7C7FD1-AB56-4E31-B623-2438E487A9FE}.Debug|Any CPU.ActiveCfg = Debug|Any CPU
		{BB7C7FD1-AB56-4E31-B623-2438E487A9FE}.Debug|Any CPU.Build.0 = Debug|Any CPU
		{BB7C7FD1-AB56-4E31-B623-2438E487A9FE}.Release|Any CPU.ActiveCfg = Release|Any CPU
		{BB7C7FD1-AB56-4E31-B623-2438E487A9FE}.Release|Any CPU.Build.0 = Release|Any CPU
	EndGlobalSection
	GlobalSection(SolutionProperties) = preSolution
		HideSolutionNode = FALSE
	EndGlobalSection
	GlobalSection(ExtensibilityGlobals) = postSolution
		SolutionGuid = {B0F6B852-60F0-49BD-84EB-78BB8C7C5784}
	EndGlobalSection
EndGlobal
